
Microsoft Visual Studio Solution File, Format Version 12.00
# Visual Studio Version 17
VisualStudioVersion = 17.4.33110.190
MinimumVisualStudioVersion = 10.0.40219.1
Project("{FAE04EC0-301F-11D3-BF4B-00C04F79EFBC}") = "helloworld", "helloworld.csproj", "{AC287DF4-E014-4DBD-92D2-578B684910A1}"
EndProject
Global
	GlobalSection(SolutionConfigurationPlatforms) = preSolution
		Debug|Any CPU = Debug|Any CPU
		Release|Any CPU = Release|Any CPU
	EndGlobalSection
	GlobalSection(ProjectConfigurationPlatforms) = postSolution
		{AC287DF4-E014-4DBD-92D2-578B684910A1}.Debug|Any CPU.ActiveCfg = Debug|Any CPU
		{AC287DF4-E014-4DBD-92D2-578B684910A1}.Debug|Any CPU.Build.0 = Debug|Any CPU
		{AC287DF4-E014-4DBD-92D2-578B684910A1}.Release|Any CPU.ActiveCfg = Release|Any CPU
		{AC287DF4-E014-4DBD-92D2-578B684910A1}.Release|Any CPU.Build.0 = Release|Any CPU
	EndGlobalSection
	GlobalSection(SolutionProperties) = preSolution
		HideSolutionNode = FALSE
	EndGlobalSection
	GlobalSection(ExtensibilityGlobals) = postSolution
		SolutionGuid = {E3DBC9FD-6E03-4487-AB68-69010F923011}
	EndGlobalSection
EndGlobal
